
Microsoft Visual Studio Solution File, Format Version 12.00
Project("{FAE04EC0-301F-11D3-BF4B-00C04F79EFBC}") = "WordleSolver", "WordleSolver\WordleSolver.csproj", "{E8927445-3CEF-4D21-A195-8505C8231866}"
EndProject
Project("{FAE04EC0-301F-11D3-BF4B-00C04F79EFBC}") = "WordleSolver.Tests", "WordleSolver.Tests\WordleSolver.Tests.csproj", "{E8BF9B2B-99E7-4191-A005-0DAE171730C7}"
EndProject
Project("{2150E333-8FDC-42A3-9474-1A3956D46DE8}") = "Solution Items", "Solution Items", "{F158AB28-7AFC-4F24-909D-2811A92A92F3}"
	ProjectSection(SolutionItems) = preProject
		..\README.md = ..\README.md
		..\run.sh = ..\run.sh
		..\test.sh = ..\test.sh
		..\run.bat = ..\run.bat
	EndProjectSection
EndProject
Project("{FAE04EC0-301F-11D3-BF4B-00C04F79EFBC}") = "WordleSolver.Console", "WordleSolver.Console\WordleSolver.Console.csproj", "{7B776AF0-D347-45C9-B9CA-714CEC881181}"
EndProject
Project("{2150E333-8FDC-42A3-9474-1A3956D46DE8}") = "Workflows", "Workflows", "{70821883-621D-4C7E-B714-6F06754AF98B}"
	ProjectSection(SolutionItems) = preProject
		..\.github\workflows\test.yml = ..\.github\workflows\test.yml
	EndProjectSection
EndProject
Project("{FAE04EC0-301F-11D3-BF4B-00C04F79EFBC}") = "WordleSolver.Playground", "WordleSolver.Playground\WordleSolver.Playground.csproj", "{4C00D374-10CC-4941-887B-5BFBF7D3F516}"
EndProject
Global
	GlobalSection(SolutionConfigurationPlatforms) = preSolution
		Debug|Any CPU = Debug|Any CPU
		Release|Any CPU = Release|Any CPU
	EndGlobalSection
	GlobalSection(ProjectConfigurationPlatforms) = postSolution
		{E8927445-3CEF-4D21-A195-8505C8231866}.Debug|Any CPU.ActiveCfg = Debug|Any CPU
		{E8927445-3CEF-4D21-A195-8505C8231866}.Debug|Any CPU.Build.0 = Debug|Any CPU
		{E8927445-3CEF-4D21-A195-8505C8231866}.Release|Any CPU.ActiveCfg = Release|Any CPU
		{E8927445-3CEF-4D21-A195-8505C8231866}.Release|Any CPU.Build.0 = Release|Any CPU
		{E8BF9B2B-99E7-4191-A005-0DAE171730C7}.Debug|Any CPU.ActiveCfg = Debug|Any CPU
		{E8BF9B2B-99E7-4191-A005-0DAE171730C7}.Debug|Any CPU.Build.0 = Debug|Any CPU
		{E8BF9B2B-99E7-4191-A005-0DAE171730C7}.Release|Any CPU.ActiveCfg = Release|Any CPU
		{E8BF9B2B-99E7-4191-A005-0DAE171730C7}.Release|Any CPU.Build.0 = Release|Any CPU
		{7B776AF0-D347-45C9-B9CA-714CEC881181}.Debug|Any CPU.ActiveCfg = Debug|Any CPU
		{7B776AF0-D347-45C9-B9CA-714CEC881181}.Debug|Any CPU.Build.0 = Debug|Any CPU
		{7B776AF0-D347-45C9-B9CA-714CEC881181}.Release|Any CPU.ActiveCfg = Release|Any CPU
		{7B776AF0-D347-45C9-B9CA-714CEC881181}.Release|Any CPU.Build.0 = Release|Any CPU
		{4C00D374-10CC-4941-887B-5BFBF7D3F516}.Debug|Any CPU.ActiveCfg = Debug|Any CPU
		{4C00D374-10CC-4941-887B-5BFBF7D3F516}.Debug|Any CPU.Build.0 = Debug|Any CPU
		{4C00D374-10CC-4941-887B-5BFBF7D3F516}.Release|Any CPU.ActiveCfg = Release|Any CPU
		{4C00D374-10CC-4941-887B-5BFBF7D3F516}.Release|Any CPU.Build.0 = Release|Any CPU
	EndGlobalSection
EndGlobal
